
Microsoft Visual Studio Solution File, Format Version 12.00
# Visual Studio Version 17
VisualStudioVersion = 17.5.002.0
MinimumVisualStudioVersion = 10.0.40219.1
Project("{9A19103F-16F7-4668-BE54-9A1E7A4F7556}") = "Instalador2.0", "Instalador2.0.csproj", "{6971FD9C-BD5A-4A4B-936B-A0A8B2E818C6}"
EndProject
Global
	GlobalSection(SolutionConfigurationPlatforms) = preSolution
		Debug|Any CPU = Debug|Any CPU
		Release|Any CPU = Release|Any CPU
	EndGlobalSection
	GlobalSection(ProjectConfigurationPlatforms) = postSolution
		{6971FD9C-BD5A-4A4B-936B-A0A8B2E818C6}.Debug|Any CPU.ActiveCfg = Debug|Any CPU
		{6971FD9C-BD5A-4A4B-936B-A0A8B2E818C6}.Debug|Any CPU.Build.0 = Debug|Any CPU
		{6971FD9C-BD5A-4A4B-936B-A0A8B2E818C6}.Release|Any CPU.ActiveCfg = Release|Any CPU
		{6971FD9C-BD5A-4A4B-936B-A0A8B2E818C6}.Release|Any CPU.Build.0 = Release|Any CPU
	EndGlobalSection
	GlobalSection(SolutionProperties) = preSolution
		HideSolutionNode = FALSE
	EndGlobalSection
	GlobalSection(ExtensibilityGlobals) = postSolution
		SolutionGuid = {E6DFD90A-3633-473C-8320-96BE828242A2}
	EndGlobalSection
EndGlobal
